
Microsoft Visual Studio Solution File, Format Version 12.00
# Visual Studio Version 17
VisualStudioVersion = 17.5.002.0
MinimumVisualStudioVersion = 10.0.40219.1
Project("{9A19103F-16F7-4668-BE54-9A1E7A4F7556}") = "BreadEngine", "BreadEngine.csproj", "{C090AEBB-20B3-44F7-8AF9-E1D2E37B7FE2}"
EndProject
Global
	GlobalSection(SolutionConfigurationPlatforms) = preSolution
		Debug|Any CPU = Debug|Any CPU
		Release|Any CPU = Release|Any CPU
	EndGlobalSection
	GlobalSection(ProjectConfigurationPlatforms) = postSolution
		{C090AEBB-20B3-44F7-8AF9-E1D2E37B7FE2}.Debug|Any CPU.ActiveCfg = Debug|Any CPU
		{C090AEBB-20B3-44F7-8AF9-E1D2E37B7FE2}.Debug|Any CPU.Build.0 = Debug|Any CPU
		{C090AEBB-20B3-44F7-8AF9-E1D2E37B7FE2}.Release|Any CPU.ActiveCfg = Release|Any CPU
		{C090AEBB-20B3-44F7-8AF9-E1D2E37B7FE2}.Release|Any CPU.Build.0 = Release|Any CPU
	EndGlobalSection
	GlobalSection(SolutionProperties) = preSolution
		HideSolutionNode = FALSE
	EndGlobalSection
	GlobalSection(ExtensibilityGlobals) = postSolution
		SolutionGuid = {2129293C-150E-4380-ACA4-735E13A56B44}
	EndGlobalSection
EndGlobal
